// !$*UTF8*$!
{
	archiveVersion = 1;
	classes = {
	};
	objectVersion = 55;
	objects = {

/* Begin PBXBuildFile section */
		633085D827107F670086BE58 /* AppDelegate.swift in Sources */ = {isa = PBXBuildFile; fileRef = 633085D727107F670086BE58 /* AppDelegate.swift */; };
		633085DA27107F670086BE58 /* SceneDelegate.swift in Sources */ = {isa = PBXBuildFile; fileRef = 633085D927107F670086BE58 /* SceneDelegate.swift */; };
		633085DF27107F670086BE58 /* Article.storyboard in Resources */ = {isa = PBXBuildFile; fileRef = 633085DD27107F670086BE58 /* Article.storyboard */; };
		633085E127107F6F0086BE58 /* Assets.xcassets in Resources */ = {isa = PBXBuildFile; fileRef = 633085E027107F6F0086BE58 /* Assets.xcassets */; };
		633085E427107F6F0086BE58 /* LaunchScreen.storyboard in Resources */ = {isa = PBXBuildFile; fileRef = 633085E227107F6F0086BE58 /* LaunchScreen.storyboard */; };
		633085EF27107F700086BE58 /* ArticleApp_RxTests.swift in Sources */ = {isa = PBXBuildFile; fileRef = 633085EE27107F700086BE58 /* ArticleApp_RxTests.swift */; };
		633085F927107F700086BE58 /* ArticleApp_RxUITests.swift in Sources */ = {isa = PBXBuildFile; fileRef = 633085F827107F700086BE58 /* ArticleApp_RxUITests.swift */; };
		633085FB27107F700086BE58 /* ArticleApp_RxUITestsLaunchTests.swift in Sources */ = {isa = PBXBuildFile; fileRef = 633085FA27107F700086BE58 /* ArticleApp_RxUITestsLaunchTests.swift */; };
		6330860D2710884E0086BE58 /* ArticleViewController.swift in Sources */ = {isa = PBXBuildFile; fileRef = 6330860C2710884E0086BE58 /* ArticleViewController.swift */; };
		6330860F27117DAF0086BE58 /* ArticleViewCell.swift in Sources */ = {isa = PBXBuildFile; fileRef = 6330860E27117DAF0086BE58 /* ArticleViewCell.swift */; };
		94AF1A69E8A829FE907196E6 /* Pods_ArticleApp_RxTests.framework in Frameworks */ = {isa = PBXBuildFile; fileRef = 03297A5D9A7D230BD14E3454 /* Pods_ArticleApp_RxTests.framework */; };
		C7709962053516A02331AC5A /* Pods_ArticleApp_Rx_ArticleApp_RxUITests.framework in Frameworks */ = {isa = PBXBuildFile; fileRef = 8BE3109930416C68851ECDA7 /* Pods_ArticleApp_Rx_ArticleApp_RxUITests.framework */; };
		C932092677002FC997D37EF2 /* Pods_ArticleApp_Rx.framework in Frameworks */ = {isa = PBXBuildFile; fileRef = CA45CFF5377F9FE11FCD7BEC /* Pods_ArticleApp_Rx.framework */; };
/* End PBXBuildFile section */

/* Begin PBXContainerItemProxy section */
		633085EB27107F700086BE58 /* PBXContainerItemProxy */ = {
			isa = PBXContainerItemProxy;
			containerPortal = 633085CC27107F670086BE58 /* Project object */;
			proxyType = 1;
			remoteGlobalIDString = 633085D327107F670086BE58;
			remoteInfo = "ArticleApp+Rx";
		};
		633085F527107F700086BE58 /* PBXContainerItemProxy */ = {
			isa = PBXContainerItemProxy;
			containerPortal = 633085CC27107F670086BE58 /* Project object */;
			proxyType = 1;
			remoteGlobalIDString = 633085D327107F670086BE58;
			remoteInfo = "ArticleApp+Rx";
		};
/* End PBXContainerItemProxy section */

/* Begin PBXFileReference section */
		0145BAFC1D20E63422DFC6FD /* Pods-ArticleApp+Rx.release.xcconfig */ = {isa = PBXFileReference; includeInIndex = 1; lastKnownFileType = text.xcconfig; name = "Pods-ArticleApp+Rx.release.xcconfig"; path = "Target Support Files/Pods-ArticleApp+Rx/Pods-ArticleApp+Rx.release.xcconfig"; sourceTree = "<group>"; };
		03297A5D9A7D230BD14E3454 /* Pods_ArticleApp_RxTests.framework */ = {isa = PBXFileReference; explicitFileType = wrapper.framework; includeInIndex = 0; path = Pods_ArticleApp_RxTests.framework; sourceTree = BUILT_PRODUCTS_DIR; };
		083A1DD799688B15279E3680 /* Pods-ArticleApp+RxTests.release.xcconfig */ = {isa = PBXFileReference; includeInIndex = 1; lastKnownFileType = text.xcconfig; name = "Pods-ArticleApp+RxTests.release.xcconfig"; path = "Target Support Files/Pods-ArticleApp+RxTests/Pods-ArticleApp+RxTests.release.xcconfig"; sourceTree = "<group>"; };
		28431E474520D57CA34AE993 /* Pods-ArticleApp+Rx-ArticleApp+RxUITests.debug.xcconfig */ = {isa = PBXFileReference; includeInIndex = 1; lastKnownFileType = text.xcconfig; name = "Pods-ArticleApp+Rx-ArticleApp+RxUITests.debug.xcconfig"; path = "Target Support Files/Pods-ArticleApp+Rx-ArticleApp+RxUITests/Pods-ArticleApp+Rx-ArticleApp+RxUITests.debug.xcconfig"; sourceTree = "<group>"; };
		583E971DAEAF785E8F64755C /* Pods-ArticleApp+RxTests.debug.xcconfig */ = {isa = PBXFileReference; includeInIndex = 1; lastKnownFileType = text.xcconfig; name = "Pods-ArticleApp+RxTests.debug.xcconfig"; path = "Target Support Files/Pods-ArticleApp+RxTests/Pods-ArticleApp+RxTests.debug.xcconfig"; sourceTree = "<group>"; };
		633085D427107F670086BE58 /* ArticleApp+Rx.app */ = {isa = PBXFileReference; explicitFileType = wrapper.application; includeInIndex = 0; path = "ArticleApp+Rx.app"; sourceTree = BUILT_PRODUCTS_DIR; };
		633085D727107F670086BE58 /* AppDelegate.swift */ = {isa = PBXFileReference; lastKnownFileType = sourcecode.swift; path = AppDelegate.swift; sourceTree = "<group>"; };
		633085D927107F670086BE58 /* SceneDelegate.swift */ = {isa = PBXFileReference; lastKnownFileType = sourcecode.swift; path = SceneDelegate.swift; sourceTree = "<group>"; };
		633085DE27107F670086BE58 /* Base */ = {isa = PBXFileReference; lastKnownFileType = file.storyboard; name = Base; path = Base.lproj/Article.storyboard; sourceTree = "<group>"; };
		633085E027107F6F0086BE58 /* Assets.xcassets */ = {isa = PBXFileReference; lastKnownFileType = folder.assetcatalog; path = Assets.xcassets; sourceTree = "<group>"; };
		633085E327107F6F0086BE58 /* Base */ = {isa = PBXFileReference; lastKnownFileType = file.storyboard; name = Base; path = Base.lproj/LaunchScreen.storyboard; sourceTree = "<group>"; };
		633085E527107F6F0086BE58 /* Info.plist */ = {isa = PBXFileReference; lastKnownFileType = text.plist.xml; path = Info.plist; sourceTree = "<group>"; };
		633085EA27107F700086BE58 /* ArticleApp+RxTests.xctest */ = {isa = PBXFileReference; explicitFileType = wrapper.cfbundle; includeInIndex = 0; path = "ArticleApp+RxTests.xctest"; sourceTree = BUILT_PRODUCTS_DIR; };
		633085EE27107F700086BE58 /* ArticleApp_RxTests.swift */ = {isa = PBXFileReference; lastKnownFileType = sourcecode.swift; path = ArticleApp_RxTests.swift; sourceTree = "<group>"; };
		633085F427107F700086BE58 /* ArticleApp+RxUITests.xctest */ = {isa = PBXFileReference; explicitFileType = wrapper.cfbundle; includeInIndex = 0; path = "ArticleApp+RxUITests.xctest"; sourceTree = BUILT_PRODUCTS_DIR; };
		633085F827107F700086BE58 /* ArticleApp_RxUITests.swift */ = {isa = PBXFileReference; lastKnownFileType = sourcecode.swift; path = ArticleApp_RxUITests.swift; sourceTree = "<group>"; };
		633085FA27107F700086BE58 /* ArticleApp_RxUITestsLaunchTests.swift */ = {isa = PBXFileReference; lastKnownFileType = sourcecode.swift; path = ArticleApp_RxUITestsLaunchTests.swift; sourceTree = "<group>"; };
		6330860C2710884E0086BE58 /* ArticleViewController.swift */ = {isa = PBXFileReference; lastKnownFileType = sourcecode.swift; path = ArticleViewController.swift; sourceTree = "<group>"; };
		6330860E27117DAF0086BE58 /* ArticleViewCell.swift */ = {isa = PBXFileReference; lastKnownFileType = sourcecode.swift; path = ArticleViewCell.swift; sourceTree = "<group>"; };
		6FD39C9DE50C26D513885E50 /* Pods-ArticleApp+Rx-ArticleApp+RxUITests.release.xcconfig */ = {isa = PBXFileReference; includeInIndex = 1; lastKnownFileType = text.xcconfig; name = "Pods-ArticleApp+Rx-ArticleApp+RxUITests.release.xcconfig"; path = "Target Support Files/Pods-ArticleApp+Rx-ArticleApp+RxUITests/Pods-ArticleApp+Rx-ArticleApp+RxUITests.release.xcconfig"; sourceTree = "<group>"; };
		8BE3109930416C68851ECDA7 /* Pods_ArticleApp_Rx_ArticleApp_RxUITests.framework */ = {isa = PBXFileReference; explicitFileType = wrapper.framework; includeInIndex = 0; path = Pods_ArticleApp_Rx_ArticleApp_RxUITests.framework; sourceTree = BUILT_PRODUCTS_DIR; };
		A9D59521F7D2D7E001FCA887 /* Pods-ArticleApp+Rx.debug.xcconfig */ = {isa = PBXFileReference; includeInIndex = 1; lastKnownFileType = text.xcconfig; name = "Pods-ArticleApp+Rx.debug.xcconfig"; path = "Target Support Files/Pods-ArticleApp+Rx/Pods-ArticleApp+Rx.debug.xcconfig"; sourceTree = "<group>"; };
		CA45CFF5377F9FE11FCD7BEC /* Pods_ArticleApp_Rx.framework */ = {isa = PBXFileReference; explicitFileType = wrapper.framework; includeInIndex = 0; path = Pods_ArticleApp_Rx.framework; sourceTree = BUILT_PRODUCTS_DIR; };
/* End PBXFileReference section */

/* Begin PBXFrameworksBuildPhase section */
		633085D127107F670086BE58 /* Frameworks */ = {
			isa = PBXFrameworksBuildPhase;
			buildActionMask = 2147483647;
			files = (
				C932092677002FC997D37EF2 /* Pods_ArticleApp_Rx.framework in Frameworks */,
			);
			runOnlyForDeploymentPostprocessing = 0;
		};
		633085E727107F700086BE58 /* Frameworks */ = {
			isa = PBXFrameworksBuildPhase;
			buildActionMask = 2147483647;
			files = (
				94AF1A69E8A829FE907196E6 /* Pods_ArticleApp_RxTests.framework in Frameworks */,
			);
			runOnlyForDeploymentPostprocessing = 0;
		};
		633085F127107F700086BE58 /* Frameworks */ = {
			isa = PBXFrameworksBuildPhase;
			buildActionMask = 2147483647;
			files = (
				C7709962053516A02331AC5A /* Pods_ArticleApp_Rx_ArticleApp_RxUITests.framework in Frameworks */,
			);
			runOnlyForDeploymentPostprocessing = 0;
		};
/* End PBXFrameworksBuildPhase section */

/* Begin PBXGroup section */
		4E7821DAC7A8E4A4F50CFBBD /* Pods */ = {
			isa = PBXGroup;
			children = (
				A9D59521F7D2D7E001FCA887 /* Pods-ArticleApp+Rx.debug.xcconfig */,
				0145BAFC1D20E63422DFC6FD /* Pods-ArticleApp+Rx.release.xcconfig */,
				28431E474520D57CA34AE993 /* Pods-ArticleApp+Rx-ArticleApp+RxUITests.debug.xcconfig */,
				6FD39C9DE50C26D513885E50 /* Pods-ArticleApp+Rx-ArticleApp+RxUITests.release.xcconfig */,
				583E971DAEAF785E8F64755C /* Pods-ArticleApp+RxTests.debug.xcconfig */,
				083A1DD799688B15279E3680 /* Pods-ArticleApp+RxTests.release.xcconfig */,
			);
			path = Pods;
			sourceTree = "<group>";
		};
		633085CB27107F670086BE58 = {
			isa = PBXGroup;
			children = (
				633085D627107F670086BE58 /* ArticleApp+Rx */,
				633085ED27107F700086BE58 /* ArticleApp+RxTests */,
				633085F727107F700086BE58 /* ArticleApp+RxUITests */,
				633085D527107F670086BE58 /* Products */,
				4E7821DAC7A8E4A4F50CFBBD /* Pods */,
				9C9A7EC16EA59755301F29DD /* Frameworks */,
			);
			sourceTree = "<group>";
		};
		633085D527107F670086BE58 /* Products */ = {
			isa = PBXGroup;
			children = (
				633085D427107F670086BE58 /* ArticleApp+Rx.app */,
				633085EA27107F700086BE58 /* ArticleApp+RxTests.xctest */,
				633085F427107F700086BE58 /* ArticleApp+RxUITests.xctest */,
			);
			name = Products;
			sourceTree = "<group>";
		};
		633085D627107F670086BE58 /* ArticleApp+Rx */ = {
			isa = PBXGroup;
			children = (
				633085D727107F670086BE58 /* AppDelegate.swift */,
				633085D927107F670086BE58 /* SceneDelegate.swift */,
				6330860A2710850B0086BE58 /* Controllers */,
				63308609271085010086BE58 /* ViewModels */,
				63308608271084F00086BE58 /* Views */,
				63308607271084DB0086BE58 /* Models */,
				6330860B271085280086BE58 /* Resources */,
				633085DD27107F670086BE58 /* Article.storyboard */,
				633085E227107F6F0086BE58 /* LaunchScreen.storyboard */,
			);
			path = "ArticleApp+Rx";
			sourceTree = "<group>";
		};
		633085ED27107F700086BE58 /* ArticleApp+RxTests */ = {
			isa = PBXGroup;
			children = (
				633085EE27107F700086BE58 /* ArticleApp_RxTests.swift */,
			);
			path = "ArticleApp+RxTests";
			sourceTree = "<group>";
		};
		633085F727107F700086BE58 /* ArticleApp+RxUITests */ = {
			isa = PBXGroup;
			children = (
				633085F827107F700086BE58 /* ArticleApp_RxUITests.swift */,
				633085FA27107F700086BE58 /* ArticleApp_RxUITestsLaunchTests.swift */,
			);
			path = "ArticleApp+RxUITests";
			sourceTree = "<group>";
		};
		63308607271084DB0086BE58 /* Models */ = {
			isa = PBXGroup;
			children = (
			);
			path = Models;
			sourceTree = "<group>";
		};
		63308608271084F00086BE58 /* Views */ = {
			isa = PBXGroup;
			children = (
				6330860E27117DAF0086BE58 /* ArticleViewCell.swift */,
			);
			path = Views;
			sourceTree = "<group>";
		};
		63308609271085010086BE58 /* ViewModels */ = {
			isa = PBXGroup;
			children = (
			);
			path = ViewModels;
			sourceTree = "<group>";
		};
		6330860A2710850B0086BE58 /* Controllers */ = {
			isa = PBXGroup;
			children = (
				6330860C2710884E0086BE58 /* ArticleViewController.swift */,
			);
			path = Controllers;
			sourceTree = "<group>";
		};
		6330860B271085280086BE58 /* Resources */ = {
			isa = PBXGroup;
			children = (
				633085E527107F6F0086BE58 /* Info.plist */,
				633085E027107F6F0086BE58 /* Assets.xcassets */,
			);
			path = Resources;
			sourceTree = "<group>";
		};
		9C9A7EC16EA59755301F29DD /* Frameworks */ = {
			isa = PBXGroup;
			children = (
				CA45CFF5377F9FE11FCD7BEC /* Pods_ArticleApp_Rx.framework */,
				8BE3109930416C68851ECDA7 /* Pods_ArticleApp_Rx_ArticleApp_RxUITests.framework */,
				03297A5D9A7D230BD14E3454 /* Pods_ArticleApp_RxTests.framework */,
			);
			name = Frameworks;
			sourceTree = "<group>";
		};
/* End PBXGroup section */

/* Begin PBXNativeTarget section */
		633085D327107F670086BE58 /* ArticleApp+Rx */ = {
			isa = PBXNativeTarget;
			buildConfigurationList = 633085FE27107F700086BE58 /* Build configuration list for PBXNativeTarget "ArticleApp+Rx" */;
			buildPhases = (
				A51D10E98585A35AB7B7C25F /* [CP] Check Pods Manifest.lock */,
				633085D027107F670086BE58 /* Sources */,
				633085D127107F670086BE58 /* Frameworks */,
				633085D227107F670086BE58 /* Resources */,
				B60912844F24D9C0056DD697 /* [CP] Embed Pods Frameworks */,
			);
			buildRules = (
			);
			dependencies = (
			);
			name = "ArticleApp+Rx";
			productName = "ArticleApp+Rx";
			productReference = 633085D427107F670086BE58 /* ArticleApp+Rx.app */;
			productType = "com.apple.product-type.application";
		};
		633085E927107F700086BE58 /* ArticleApp+RxTests */ = {
			isa = PBXNativeTarget;
			buildConfigurationList = 6330860127107F700086BE58 /* Build configuration list for PBXNativeTarget "ArticleApp+RxTests" */;
			buildPhases = (
				19D9A39457B71ECEC624413B /* [CP] Check Pods Manifest.lock */,
				633085E627107F700086BE58 /* Sources */,
				633085E727107F700086BE58 /* Frameworks */,
				633085E827107F700086BE58 /* Resources */,
			);
			buildRules = (
			);
			dependencies = (
				633085EC27107F700086BE58 /* PBXTargetDependency */,
			);
			name = "ArticleApp+RxTests";
			productName = "ArticleApp+RxTests";
			productReference = 633085EA27107F700086BE58 /* ArticleApp+RxTests.xctest */;
			productType = "com.apple.product-type.bundle.unit-test";
		};
		633085F327107F700086BE58 /* ArticleApp+RxUITests */ = {
			isa = PBXNativeTarget;
			buildConfigurationList = 6330860427107F700086BE58 /* Build configuration list for PBXNativeTarget "ArticleApp+RxUITests" */;
			buildPhases = (
				F54C27B1535D7DAEAD163D76 /* [CP] Check Pods Manifest.lock */,
				633085F027107F700086BE58 /* Sources */,
				633085F127107F700086BE58 /* Frameworks */,
				633085F227107F700086BE58 /* Resources */,
				EA644B88D2F89C3B8CAF7E57 /* [CP] Embed Pods Frameworks */,
			);
			buildRules = (
			);
			dependencies = (
				633085F627107F700086BE58 /* PBXTargetDependency */,
			);
			name = "ArticleApp+RxUITests";
			productName = "ArticleApp+RxUITests";
			productReference = 633085F427107F700086BE58 /* ArticleApp+RxUITests.xctest */;
			productType = "com.apple.product-type.bundle.ui-testing";
		};
/* End PBXNativeTarget section */

/* Begin PBXProject section */
		633085CC27107F670086BE58 /* Project object */ = {
			isa = PBXProject;
			attributes = {
				BuildIndependentTargetsInParallel = 1;
				LastSwiftUpdateCheck = 1300;
				LastUpgradeCheck = 1300;
				TargetAttributes = {
					633085D327107F670086BE58 = {
						CreatedOnToolsVersion = 13.0;
					};
					633085E927107F700086BE58 = {
						CreatedOnToolsVersion = 13.0;
						TestTargetID = 633085D327107F670086BE58;
					};
					633085F327107F700086BE58 = {
						CreatedOnToolsVersion = 13.0;
						TestTargetID = 633085D327107F670086BE58;
					};
				};
			};
			buildConfigurationList = 633085CF27107F670086BE58 /* Build configuration list for PBXProject "ArticleApp+Rx" */;
			compatibilityVersion = "Xcode 13.0";
			developmentRegion = en;
			hasScannedForEncodings = 0;
			knownRegions = (
				en,
				Base,
			);
			mainGroup = 633085CB27107F670086BE58;
			productRefGroup = 633085D527107F670086BE58 /* Products */;
			projectDirPath = "";
			projectRoot = "";
			targets = (
				633085D327107F670086BE58 /* ArticleApp+Rx */,
				633085E927107F700086BE58 /* ArticleApp+RxTests */,
				633085F327107F700086BE58 /* ArticleApp+RxUITests */,
			);
		};
/* End PBXProject section */

/* Begin PBXResourcesBuildPhase section */
		633085D227107F670086BE58 /* Resources */ = {
			isa = PBXResourcesBuildPhase;
			buildActionMask = 2147483647;
			files = (
				633085E427107F6F0086BE58 /* LaunchScreen.storyboard in Resources */,
				633085E127107F6F0086BE58 /* Assets.xcassets in Resources */,
				633085DF27107F670086BE58 /* Article.storyboard in Resources */,
			);
			runOnlyForDeploymentPostprocessing = 0;
		};
		633085E827107F700086BE58 /* Resources */ = {
			isa = PBXResourcesBuildPhase;
			buildActionMask = 2147483647;
			files = (
			);
			runOnlyForDeploymentPostprocessing = 0;
		};
		633085F227107F700086BE58 /* Resources */ = {
			isa = PBXResourcesBuildPhase;
			buildActionMask = 2147483647;
			files = (
			);
			runOnlyForDeploymentPostprocessing = 0;
		};
/* End PBXResourcesBuildPhase section */

/* Begin PBXShellScriptBuildPhase section */
		19D9A39457B71ECEC624413B /* [CP] Check Pods Manifest.lock */ = {
			isa = PBXShellScriptBuildPhase;
			buildActionMask = 2147483647;
			files = (
			);
			inputFileListPaths = (
			);
			inputPaths = (
				"${PODS_PODFILE_DIR_PATH}/Podfile.lock",
				"${PODS_ROOT}/Manifest.lock",
			);
			name = "[CP] Check Pods Manifest.lock";
			outputFileListPaths = (
			);
			outputPaths = (
				"$(DERIVED_FILE_DIR)/Pods-ArticleApp+RxTests-checkManifestLockResult.txt",
			);
			runOnlyForDeploymentPostprocessing = 0;
			shellPath = /bin/sh;
			shellScript = "diff \"${PODS_PODFILE_DIR_PATH}/Podfile.lock\" \"${PODS_ROOT}/Manifest.lock\" > /dev/null\nif [ $? != 0 ] ; then\n    # print error to STDERR\n    echo \"error: The sandbox is not in sync with the Podfile.lock. Run 'pod install' or update your CocoaPods installation.\" >&2\n    exit 1\nfi\n# This output is used by Xcode 'outputs' to avoid re-running this script phase.\necho \"SUCCESS\" > \"${SCRIPT_OUTPUT_FILE_0}\"\n";
			showEnvVarsInLog = 0;
		};
		A51D10E98585A35AB7B7C25F /* [CP] Check Pods Manifest.lock */ = {
			isa = PBXShellScriptBuildPhase;
			buildActionMask = 2147483647;
			files = (
			);
			inputFileListPaths = (
			);
			inputPaths = (
				"${PODS_PODFILE_DIR_PATH}/Podfile.lock",
				"${PODS_ROOT}/Manifest.lock",
			);
			name = "[CP] Check Pods Manifest.lock";
			outputFileListPaths = (
			);
			outputPaths = (
				"$(DERIVED_FILE_DIR)/Pods-ArticleApp+Rx-checkManifestLockResult.txt",
			);
			runOnlyForDeploymentPostprocessing = 0;
			shellPath = /bin/sh;
			shellScript = "diff \"${PODS_PODFILE_DIR_PATH}/Podfile.lock\" \"${PODS_ROOT}/Manifest.lock\" > /dev/null\nif [ $? != 0 ] ; then\n    # print error to STDERR\n    echo \"error: The sandbox is not in sync with the Podfile.lock. Run 'pod install' or update your CocoaPods installation.\" >&2\n    exit 1\nfi\n# This output is used by Xcode 'outputs' to avoid re-running this script phase.\necho \"SUCCESS\" > \"${SCRIPT_OUTPUT_FILE_0}\"\n";
			showEnvVarsInLog = 0;
		};
		B60912844F24D9C0056DD697 /* [CP] Embed Pods Frameworks */ = {
			isa = PBXShellScriptBuildPhase;
			buildActionMask = 2147483647;
			files = (
			);
			inputFileListPaths = (
				"${PODS_ROOT}/Target Support Files/Pods-ArticleApp+Rx/Pods-ArticleApp+Rx-frameworks-${CONFIGURATION}-input-files.xcfilelist",
			);
			name = "[CP] Embed Pods Frameworks";
			outputFileListPaths = (
				"${PODS_ROOT}/Target Support Files/Pods-ArticleApp+Rx/Pods-ArticleApp+Rx-frameworks-${CONFIGURATION}-output-files.xcfilelist",
			);
			runOnlyForDeploymentPostprocessing = 0;
			shellPath = /bin/sh;
			shellScript = "\"${PODS_ROOT}/Target Support Files/Pods-ArticleApp+Rx/Pods-ArticleApp+Rx-frameworks.sh\"\n";
			showEnvVarsInLog = 0;
		};
		EA644B88D2F89C3B8CAF7E57 /* [CP] Embed Pods Frameworks */ = {
			isa = PBXShellScriptBuildPhase;
			buildActionMask = 2147483647;
			files = (
			);
			inputFileListPaths = (
				"${PODS_ROOT}/Target Support Files/Pods-ArticleApp+Rx-ArticleApp+RxUITests/Pods-ArticleApp+Rx-ArticleApp+RxUITests-frameworks-${CONFIGURATION}-input-files.xcfilelist",
			);
			name = "[CP] Embed Pods Frameworks";
			outputFileListPaths = (
				"${PODS_ROOT}/Target Support Files/Pods-ArticleApp+Rx-ArticleApp+RxUITests/Pods-ArticleApp+Rx-ArticleApp+RxUITests-frameworks-${CONFIGURATION}-output-files.xcfilelist",
			);
			runOnlyForDeploymentPostprocessing = 0;
			shellPath = /bin/sh;
			shellScript = "\"${PODS_ROOT}/Target Support Files/Pods-ArticleApp+Rx-ArticleApp+RxUITests/Pods-ArticleApp+Rx-ArticleApp+RxUITests-frameworks.sh\"\n";
			showEnvVarsInLog = 0;
		};
		F54C27B1535D7DAEAD163D76 /* [CP] Check Pods Manifest.lock */ = {
			isa = PBXShellScriptBuildPhase;
			buildActionMask = 2147483647;
			files = (
			);
			inputFileListPaths = (
			);
			inputPaths = (
				"${PODS_PODFILE_DIR_PATH}/Podfile.lock",
				"${PODS_ROOT}/Manifest.lock",
			);
			name = "[CP] Check Pods Manifest.lock";
			outputFileListPaths = (
			);
			outputPaths = (
				"$(DERIVED_FILE_DIR)/Pods-ArticleApp+Rx-ArticleApp+RxUITests-checkManifestLockResult.txt",
			);
			runOnlyForDeploymentPostprocessing = 0;
			shellPath = /bin/sh;
			shellScript = "diff \"${PODS_PODFILE_DIR_PATH}/Podfile.lock\" \"${PODS_ROOT}/Manifest.lock\" > /dev/null\nif [ $? != 0 ] ; then\n    # print error to STDERR\n    echo \"error: The sandbox is not in sync with the Podfile.lock. Run 'pod install' or update your CocoaPods installation.\" >&2\n    exit 1\nfi\n# This output is used by Xcode 'outputs' to avoid re-running this script phase.\necho \"SUCCESS\" > \"${SCRIPT_OUTPUT_FILE_0}\"\n";
			showEnvVarsInLog = 0;
		};
/* End PBXShellScriptBuildPhase section */

/* Begin PBXSourcesBuildPhase section */
		633085D027107F670086BE58 /* Sources */ = {
			isa = PBXSourcesBuildPhase;
			buildActionMask = 2147483647;
			files = (
				633085D827107F670086BE58 /* AppDelegate.swift in Sources */,
				6330860D2710884E0086BE58 /* ArticleViewController.swift in Sources */,
				633085DA27107F670086BE58 /* SceneDelegate.swift in Sources */,
				6330860F27117DAF0086BE58 /* ArticleViewCell.swift in Sources */,
			);
			runOnlyForDeploymentPostprocessing = 0;
		};
		633085E627107F700086BE58 /* Sources */ = {
			isa = PBXSourcesBuildPhase;
			buildActionMask = 2147483647;
			files = (
				633085EF27107F700086BE58 /* ArticleApp_RxTests.swift in Sources */,
			);
			runOnlyForDeploymentPostprocessing = 0;
		};
		633085F027107F700086BE58 /* Sources */ = {
			isa = PBXSourcesBuildPhase;
			buildActionMask = 2147483647;
			files = (
				633085F927107F700086BE58 /* ArticleApp_RxUITests.swift in Sources */,
				633085FB27107F700086BE58 /* ArticleApp_RxUITestsLaunchTests.swift in Sources */,
			);
			runOnlyForDeploymentPostprocessing = 0;
		};
/* End PBXSourcesBuildPhase section */

/* Begin PBXTargetDependency section */
		633085EC27107F700086BE58 /* PBXTargetDependency */ = {
			isa = PBXTargetDependency;
			target = 633085D327107F670086BE58 /* ArticleApp+Rx */;
			targetProxy = 633085EB27107F700086BE58 /* PBXContainerItemProxy */;
		};
		633085F627107F700086BE58 /* PBXTargetDependency */ = {
			isa = PBXTargetDependency;
			target = 633085D327107F670086BE58 /* ArticleApp+Rx */;
			targetProxy = 633085F527107F700086BE58 /* PBXContainerItemProxy */;
		};
/* End PBXTargetDependency section */

/* Begin PBXVariantGroup section */
		633085DD27107F670086BE58 /* Article.storyboard */ = {
			isa = PBXVariantGroup;
			children = (
				633085DE27107F670086BE58 /* Base */,
			);
			name = Article.storyboard;
			sourceTree = "<group>";
		};
		633085E227107F6F0086BE58 /* LaunchScreen.storyboard */ = {
			isa = PBXVariantGroup;
			children = (
				633085E327107F6F0086BE58 /* Base */,
			);
			name = LaunchScreen.storyboard;
			sourceTree = "<group>";
		};
/* End PBXVariantGroup section */

/* Begin XCBuildConfiguration section */
		633085FC27107F700086BE58 /* Debug */ = {
			isa = XCBuildConfiguration;
			buildSettings = {
				ALWAYS_SEARCH_USER_PATHS = NO;
				CLANG_ANALYZER_NONNULL = YES;
				CLANG_ANALYZER_NUMBER_OBJECT_CONVERSION = YES_AGGRESSIVE;
				CLANG_CXX_LANGUAGE_STANDARD = "gnu++17";
				CLANG_CXX_LIBRARY = "libc++";
				CLANG_ENABLE_MODULES = YES;
				CLANG_ENABLE_OBJC_ARC = YES;
				CLANG_ENABLE_OBJC_WEAK = YES;
				CLANG_WARN_BLOCK_CAPTURE_AUTORELEASING = YES;
				CLANG_WARN_BOOL_CONVERSION = YES;
				CLANG_WARN_COMMA = YES;
				CLANG_WARN_CONSTANT_CONVERSION = YES;
				CLANG_WARN_DEPRECATED_OBJC_IMPLEMENTATIONS = YES;
				CLANG_WARN_DIRECT_OBJC_ISA_USAGE = YES_ERROR;
				CLANG_WARN_DOCUMENTATION_COMMENTS = YES;
				CLANG_WARN_EMPTY_BODY = YES;
				CLANG_WARN_ENUM_CONVERSION = YES;
				CLANG_WARN_INFINITE_RECURSION = YES;
				CLANG_WARN_INT_CONVERSION = YES;
				CLANG_WARN_NON_LITERAL_NULL_CONVERSION = YES;
				CLANG_WARN_OBJC_IMPLICIT_RETAIN_SELF = YES;
				CLANG_WARN_OBJC_LITERAL_CONVERSION = YES;
				CLANG_WARN_OBJC_ROOT_CLASS = YES_ERROR;
				CLANG_WARN_QUOTED_INCLUDE_IN_FRAMEWORK_HEADER = YES;
				CLANG_WARN_RANGE_LOOP_ANALYSIS = YES;
				CLANG_WARN_STRICT_PROTOTYPES = YES;
				CLANG_WARN_SUSPICIOUS_MOVE = YES;
				CLANG_WARN_UNGUARDED_AVAILABILITY = YES_AGGRESSIVE;
				CLANG_WARN_UNREACHABLE_CODE = YES;
				CLANG_WARN__DUPLICATE_METHOD_MATCH = YES;
				COPY_PHASE_STRIP = NO;
				DEBUG_INFORMATION_FORMAT = dwarf;
				ENABLE_STRICT_OBJC_MSGSEND = YES;
				ENABLE_TESTABILITY = YES;
				GCC_C_LANGUAGE_STANDARD = gnu11;
				GCC_DYNAMIC_NO_PIC = NO;
				GCC_NO_COMMON_BLOCKS = YES;
				GCC_OPTIMIZATION_LEVEL = 0;
				GCC_PREPROCESSOR_DEFINITIONS = (
					"DEBUG=1",
					"$(inherited)",
				);
				GCC_WARN_64_TO_32_BIT_CONVERSION = YES;
				GCC_WARN_ABOUT_RETURN_TYPE = YES_ERROR;
				GCC_WARN_UNDECLARED_SELECTOR = YES;
				GCC_WARN_UNINITIALIZED_AUTOS = YES_AGGRESSIVE;
				GCC_WARN_UNUSED_FUNCTION = YES;
				GCC_WARN_UNUSED_VARIABLE = YES;
				IPHONEOS_DEPLOYMENT_TARGET = 15.0;
				MTL_ENABLE_DEBUG_INFO = INCLUDE_SOURCE;
				MTL_FAST_MATH = YES;
				ONLY_ACTIVE_ARCH = YES;
				SDKROOT = iphoneos;
				SWIFT_ACTIVE_COMPILATION_CONDITIONS = DEBUG;
				SWIFT_OPTIMIZATION_LEVEL = "-Onone";
			};
			name = Debug;
		};
		633085FD27107F700086BE58 /* Release */ = {
			isa = XCBuildConfiguration;
			buildSettings = {
				ALWAYS_SEARCH_USER_PATHS = NO;
				CLANG_ANALYZER_NONNULL = YES;
				CLANG_ANALYZER_NUMBER_OBJECT_CONVERSION = YES_AGGRESSIVE;
				CLANG_CXX_LANGUAGE_STANDARD = "gnu++17";
				CLANG_CXX_LIBRARY = "libc++";
				CLANG_ENABLE_MODULES = YES;
				CLANG_ENABLE_OBJC_ARC = YES;
				CLANG_ENABLE_OBJC_WEAK = YES;
				CLANG_WARN_BLOCK_CAPTURE_AUTORELEASING = YES;
				CLANG_WARN_BOOL_CONVERSION = YES;
				CLANG_WARN_COMMA = YES;
				CLANG_WARN_CONSTANT_CONVERSION = YES;
				CLANG_WARN_DEPRECATED_OBJC_IMPLEMENTATIONS = YES;
				CLANG_WARN_DIRECT_OBJC_ISA_USAGE = YES_ERROR;
				CLANG_WARN_DOCUMENTATION_COMMENTS = YES;
				CLANG_WARN_EMPTY_BODY = YES;
				CLANG_WARN_ENUM_CONVERSION = YES;
				CLANG_WARN_INFINITE_RECURSION = YES;
				CLANG_WARN_INT_CONVERSION = YES;
				CLANG_WARN_NON_LITERAL_NULL_CONVERSION = YES;
				CLANG_WARN_OBJC_IMPLICIT_RETAIN_SELF = YES;
				CLANG_WARN_OBJC_LITERAL_CONVERSION = YES;
				CLANG_WARN_OBJC_ROOT_CLASS = YES_ERROR;
				CLANG_WARN_QUOTED_INCLUDE_IN_FRAMEWORK_HEADER = YES;
				CLANG_WARN_RANGE_LOOP_ANALYSIS = YES;
				CLANG_WARN_STRICT_PROTOTYPES = YES;
				CLANG_WARN_SUSPICIOUS_MOVE = YES;
				CLANG_WARN_UNGUARDED_AVAILABILITY = YES_AGGRESSIVE;
				CLANG_WARN_UNREACHABLE_CODE = YES;
				CLANG_WARN__DUPLICATE_METHOD_MATCH = YES;
				COPY_PHASE_STRIP = NO;
				DEBUG_INFORMATION_FORMAT = "dwarf-with-dsym";
				ENABLE_NS_ASSERTIONS = NO;
				ENABLE_STRICT_OBJC_MSGSEND = YES;
				GCC_C_LANGUAGE_STANDARD = gnu11;
				GCC_NO_COMMON_BLOCKS = YES;
				GCC_WARN_64_TO_32_BIT_CONVERSION = YES;
				GCC_WARN_ABOUT_RETURN_TYPE = YES_ERROR;
				GCC_WARN_UNDECLARED_SELECTOR = YES;
				GCC_WARN_UNINITIALIZED_AUTOS = YES_AGGRESSIVE;
				GCC_WARN_UNUSED_FUNCTION = YES;
				GCC_WARN_UNUSED_VARIABLE = YES;
				IPHONEOS_DEPLOYMENT_TARGET = 15.0;
				MTL_ENABLE_DEBUG_INFO = NO;
				MTL_FAST_MATH = YES;
				SDKROOT = iphoneos;
				SWIFT_COMPILATION_MODE = wholemodule;
				SWIFT_OPTIMIZATION_LEVEL = "-O";
				VALIDATE_PRODUCT = YES;
			};
			name = Release;
		};
		633085FF27107F700086BE58 /* Debug */ = {
			isa = XCBuildConfiguration;
			baseConfigurationReference = A9D59521F7D2D7E001FCA887 /* Pods-ArticleApp+Rx.debug.xcconfig */;
			buildSettings = {
				ASSETCATALOG_COMPILER_APPICON_NAME = AppIcon;
				ASSETCATALOG_COMPILER_GLOBAL_ACCENT_COLOR_NAME = AccentColor;
				CODE_SIGN_STYLE = Automatic;
				CURRENT_PROJECT_VERSION = 1;
				DEVELOPMENT_TEAM = L3K3NG5H7D;
				GENERATE_INFOPLIST_FILE = YES;
				INFOPLIST_FILE = "ArticleApp+Rx/Resources/Info.plist";
				INFOPLIST_KEY_UIApplicationSupportsIndirectInputEvents = YES;
				INFOPLIST_KEY_UILaunchStoryboardName = LaunchScreen;
				INFOPLIST_KEY_UIMainStoryboardFile = Article;
				INFOPLIST_KEY_UISupportedInterfaceOrientations_iPad = "UIInterfaceOrientationPortrait UIInterfaceOrientationPortraitUpsideDown UIInterfaceOrientationLandscapeLeft UIInterfaceOrientationLandscapeRight";
				INFOPLIST_KEY_UISupportedInterfaceOrientations_iPhone = "UIInterfaceOrientationPortrait UIInterfaceOrientationLandscapeLeft UIInterfaceOrientationLandscapeRight";
				IPHONEOS_DEPLOYMENT_TARGET = 13.0;
				LD_RUNPATH_SEARCH_PATHS = (
					"$(inherited)",
					"@executable_path/Frameworks",
				);
				MARKETING_VERSION = 1.0;
				PRODUCT_BUNDLE_IDENTIFIER = "com.lovely.ArticleApp-Rx";
				PRODUCT_NAME = "$(TARGET_NAME)";
				SWIFT_EMIT_LOC_STRINGS = YES;
				SWIFT_VERSION = 5.0;
				TARGETED_DEVICE_FAMILY = "1,2";
			};
			name = Debug;
		};
		6330860027107F700086BE58 /* Release */ = {
			isa = XCBuildConfiguration;
			baseConfigurationReference = 0145BAFC1D20E63422DFC6FD /* Pods-ArticleApp+Rx.release.xcconfig */;
			buildSettings = {
				ASSETCATALOG_COMPILER_APPICON_NAME = AppIcon;
				ASSETCATALOG_COMPILER_GLOBAL_ACCENT_COLOR_NAME = AccentColor;
				CODE_SIGN_STYLE = Automatic;
				CURRENT_PROJECT_VERSION = 1;
				DEVELOPMENT_TEAM = L3K3NG5H7D;
				GENERATE_INFOPLIST_FILE = YES;
				INFOPLIST_FILE = "ArticleApp+Rx/Resources/Info.plist";
				INFOPLIST_KEY_UIApplicationSupportsIndirectInputEvents = YES;
				INFOPLIST_KEY_UILaunchStoryboardName = LaunchScreen;
				INFOPLIST_KEY_UIMainStoryboardFile = Article;
				INFOPLIST_KEY_UISupportedInterfaceOrientations_iPad = "UIInterfaceOrientationPortrait UIInterfaceOrientationPortraitUpsideDown UIInterfaceOrientationLandscapeLeft UIInterfaceOrientationLandscapeRight";
				INFOPLIST_KEY_UISupportedInterfaceOrientations_iPhone = "UIInterfaceOrientationPortrait UIInterfaceOrientationLandscapeLeft UIInterfaceOrientationLandscapeRight";
				IPHONEOS_DEPLOYMENT_TARGET = 13.0;
				LD_RUNPATH_SEARCH_PATHS = (
					"$(inherited)",
					"@executable_path/Frameworks",
				);
				MARKETING_VERSION = 1.0;
				PRODUCT_BUNDLE_IDENTIFIER = "com.lovely.ArticleApp-Rx";
				PRODUCT_NAME = "$(TARGET_NAME)";
				SWIFT_EMIT_LOC_STRINGS = YES;
				SWIFT_VERSION = 5.0;
				TARGETED_DEVICE_FAMILY = "1,2";
			};
			name = Release;
		};
		6330860227107F700086BE58 /* Debug */ = {
			isa = XCBuildConfiguration;
			baseConfigurationReference = 583E971DAEAF785E8F64755C /* Pods-ArticleApp+RxTests.debug.xcconfig */;
			buildSettings = {
				ALWAYS_EMBED_SWIFT_STANDARD_LIBRARIES = YES;
				BUNDLE_LOADER = "$(TEST_HOST)";
				CODE_SIGN_STYLE = Automatic;
				CURRENT_PROJECT_VERSION = 1;
				DEVELOPMENT_TEAM = L3K3NG5H7D;
				GENERATE_INFOPLIST_FILE = YES;
				IPHONEOS_DEPLOYMENT_TARGET = 15.0;
				LD_RUNPATH_SEARCH_PATHS = (
					"$(inherited)",
					"@executable_path/Frameworks",
					"@loader_path/Frameworks",
				);
				MARKETING_VERSION = 1.0;
				PRODUCT_BUNDLE_IDENTIFIER = "com.lovely.ArticleApp-RxTests";
				PRODUCT_NAME = "$(TARGET_NAME)";
				SWIFT_EMIT_LOC_STRINGS = NO;
				SWIFT_VERSION = 5.0;
				TARGETED_DEVICE_FAMILY = "1,2";
				TEST_HOST = "$(BUILT_PRODUCTS_DIR)/ArticleApp+Rx.app/ArticleApp+Rx";
			};
			name = Debug;
		};
		6330860327107F700086BE58 /* Release */ = {
			isa = XCBuildConfiguration;
			baseConfigurationReference = 083A1DD799688B15279E3680 /* Pods-ArticleApp+RxTests.release.xcconfig */;
			buildSettings = {
				ALWAYS_EMBED_SWIFT_STANDARD_LIBRARIES = YES;
				BUNDLE_LOADER = "$(TEST_HOST)";
				CODE_SIGN_STYLE = Automatic;
				CURRENT_PROJECT_VERSION = 1;
				DEVELOPMENT_TEAM = L3K3NG5H7D;
				GENERATE_INFOPLIST_FILE = YES;
				IPHONEOS_DEPLOYMENT_TARGET = 15.0;
				LD_RUNPATH_SEARCH_PATHS = (
					"$(inherited)",
					"@executable_path/Frameworks",
					"@loader_path/Frameworks",
				);
				MARKETING_VERSION = 1.0;
				PRODUCT_BUNDLE_IDENTIFIER = "com.lovely.ArticleApp-RxTests";
				PRODUCT_NAME = "$(TARGET_NAME)";
				SWIFT_EMIT_LOC_STRINGS = NO;
				SWIFT_VERSION = 5.0;
				TARGETED_DEVICE_FAMILY = "1,2";
				TEST_HOST = "$(BUILT_PRODUCTS_DIR)/ArticleApp+Rx.app/ArticleApp+Rx";
			};
			name = Release;
		};
		6330860527107F700086BE58 /* Debug */ = {
			isa = XCBuildConfiguration;
			baseConfigurationReference = 28431E474520D57CA34AE993 /* Pods-ArticleApp+Rx-ArticleApp+RxUITests.debug.xcconfig */;
			buildSettings = {
				ALWAYS_EMBED_SWIFT_STANDARD_LIBRARIES = YES;
				CODE_SIGN_STYLE = Automatic;
				CURRENT_PROJECT_VERSION = 1;
				DEVELOPMENT_TEAM = L3K3NG5H7D;
				GENERATE_INFOPLIST_FILE = YES;
				LD_RUNPATH_SEARCH_PATHS = (
					"$(inherited)",
					"@executable_path/Frameworks",
					"@loader_path/Frameworks",
				);
				MARKETING_VERSION = 1.0;
				PRODUCT_BUNDLE_IDENTIFIER = "com.lovely.ArticleApp-RxUITests";
				PRODUCT_NAME = "$(TARGET_NAME)";
				SWIFT_EMIT_LOC_STRINGS = NO;
				SWIFT_VERSION = 5.0;
				TARGETED_DEVICE_FAMILY = "1,2";
				TEST_TARGET_NAME = "ArticleApp+Rx";
			};
			name = Debug;
		};
		6330860627107F700086BE58 /* Release */ = {
			isa = XCBuildConfiguration;
			baseConfigurationReference = 6FD39C9DE50C26D513885E50 /* Pods-ArticleApp+Rx-ArticleApp+RxUITests.release.xcconfig */;
			buildSettings = {
				ALWAYS_EMBED_SWIFT_STANDARD_LIBRARIES = YES;
				CODE_SIGN_STYLE = Automatic;
				CURRENT_PROJECT_VERSION = 1;
				DEVELOPMENT_TEAM = L3K3NG5H7D;
				GENERATE_INFOPLIST_FILE = YES;
				LD_RUNPATH_SEARCH_PATHS = (
					"$(inherited)",
					"@executable_path/Frameworks",
					"@loader_path/Frameworks",
				);
				MARKETING_VERSION = 1.0;
				PRODUCT_BUNDLE_IDENTIFIER = "com.lovely.ArticleApp-RxUITests";
				PRODUCT_NAME = "$(TARGET_NAME)";
				SWIFT_EMIT_LOC_STRINGS = NO;
				SWIFT_VERSION = 5.0;
				TARGETED_DEVICE_FAMILY = "1,2";
				TEST_TARGET_NAME = "ArticleApp+Rx";
			};
			name = Release;
		};
/* End XCBuildConfiguration section */

/* Begin XCConfigurationList section */
		633085CF27107F670086BE58 /* Build configuration list for PBXProject "ArticleApp+Rx" */ = {
			isa = XCConfigurationList;
			buildConfigurations = (
				633085FC27107F700086BE58 /* Debug */,
				633085FD27107F700086BE58 /* Release */,
			);
			defaultConfigurationIsVisible = 0;
			defaultConfigurationName = Release;
		};
		633085FE27107F700086BE58 /* Build configuration list for PBXNativeTarget "ArticleApp+Rx" */ = {
			isa = XCConfigurationList;
			buildConfigurations = (
				633085FF27107F700086BE58 /* Debug */,
				6330860027107F700086BE58 /* Release */,
			);
			defaultConfigurationIsVisible = 0;
			defaultConfigurationName = Release;
		};
		6330860127107F700086BE58 /* Build configuration list for PBXNativeTarget "ArticleApp+RxTests" */ = {
			isa = XCConfigurationList;
			buildConfigurations = (
				6330860227107F700086BE58 /* Debug */,
				6330860327107F700086BE58 /* Release */,
			);
			defaultConfigurationIsVisible = 0;
			defaultConfigurationName = Release;
		};
		6330860427107F700086BE58 /* Build configuration list for PBXNativeTarget "ArticleApp+RxUITests" */ = {
			isa = XCConfigurationList;
			buildConfigurations = (
				6330860527107F700086BE58 /* Debug */,
				6330860627107F700086BE58 /* Release */,
			);
			defaultConfigurationIsVisible = 0;
			defaultConfigurationName = Release;
		};
/* End XCConfigurationList section */
	};
	rootObject = 633085CC27107F670086BE58 /* Project object */;
}
